
Microsoft Visual Studio Solution File, Format Version 12.00
# Visual Studio 15
VisualStudioVersion = 15.0.28010.2050
MinimumVisualStudioVersion = 10.0.40219.1
Project("{FAE04EC0-301F-11D3-BF4B-00C04F79EFBC}") = "pUsuarioWeb", "pUsuarioWeb\pUsuarioWeb.csproj", "{BD91FE47-5072-45FC-A63A-A1D363F2FC72}"
EndProject
Project("{FAE04EC0-301F-11D3-BF4B-00C04F79EFBC}") = "BLL", "BLL\BLL.csproj", "{EC4BD118-49EE-45CB-B1FD-FC60D3901EC8}"
EndProject
Project("{FAE04EC0-301F-11D3-BF4B-00C04F79EFBC}") = "Entidades", "Entidades\Entidades.csproj", "{76C56F24-B929-428E-9F28-881901D83CAB}"
EndProject
Project("{FAE04EC0-301F-11D3-BF4B-00C04F79EFBC}") = "DAL", "DAL\DAL.csproj", "{874516CB-D0E0-43F2-92B8-246F53624E6F}"
EndProject
Global
	GlobalSection(SolutionConfigurationPlatforms) = preSolution
		Debug|Any CPU = Debug|Any CPU
		Release|Any CPU = Release|Any CPU
	EndGlobalSection
	GlobalSection(ProjectConfigurationPlatforms) = postSolution
		{BD91FE47-5072-45FC-A63A-A1D363F2FC72}.Debug|Any CPU.ActiveCfg = Debug|Any CPU
		{BD91FE47-5072-45FC-A63A-A1D363F2FC72}.Debug|Any CPU.Build.0 = Debug|Any CPU
		{BD91FE47-5072-45FC-A63A-A1D363F2FC72}.Release|Any CPU.ActiveCfg = Release|Any CPU
		{BD91FE47-5072-45FC-A63A-A1D363F2FC72}.Release|Any CPU.Build.0 = Release|Any CPU
		{EC4BD118-49EE-45CB-B1FD-FC60D3901EC8}.Debug|Any CPU.ActiveCfg = Debug|Any CPU
		{EC4BD118-49EE-45CB-B1FD-FC60D3901EC8}.Debug|Any CPU.Build.0 = Debug|Any CPU
		{EC4BD118-49EE-45CB-B1FD-FC60D3901EC8}.Release|Any CPU.ActiveCfg = Release|Any CPU
		{EC4BD118-49EE-45CB-B1FD-FC60D3901EC8}.Release|Any CPU.Build.0 = Release|Any CPU
		{76C56F24-B929-428E-9F28-881901D83CAB}.Debug|Any CPU.ActiveCfg = Debug|Any CPU
		{76C56F24-B929-428E-9F28-881901D83CAB}.Debug|Any CPU.Build.0 = Debug|Any CPU
		{76C56F24-B929-428E-9F28-881901D83CAB}.Release|Any CPU.ActiveCfg = Release|Any CPU
		{76C56F24-B929-428E-9F28-881901D83CAB}.Release|Any CPU.Build.0 = Release|Any CPU
		{874516CB-D0E0-43F2-92B8-246F53624E6F}.Debug|Any CPU.ActiveCfg = Debug|Any CPU
		{874516CB-D0E0-43F2-92B8-246F53624E6F}.Debug|Any CPU.Build.0 = Debug|Any CPU
		{874516CB-D0E0-43F2-92B8-246F53624E6F}.Release|Any CPU.ActiveCfg = Release|Any CPU
		{874516CB-D0E0-43F2-92B8-246F53624E6F}.Release|Any CPU.Build.0 = Release|Any CPU
	EndGlobalSection
	GlobalSection(SolutionProperties) = preSolution
		HideSolutionNode = FALSE
	EndGlobalSection
	GlobalSection(ExtensibilityGlobals) = postSolution
		SolutionGuid = {F61B2286-40E1-4E19-889E-1E50637E3AE1}
	EndGlobalSection
EndGlobal
